
Microsoft Visual Studio Solution File, Format Version 12.00
# Visual Studio Version 17
VisualStudioVersion = 17.13.35818.85
MinimumVisualStudioVersion = 10.0.40219.1
Project("{8BC9CEB8-8B4A-11D0-8D11-00A0C91BC942}") = "MSMR-Script-SDK", "MSMR-Script-SDK\MSMR-Script-SDK.vcxproj", "{A46A13D8-C67B-4EC0-9EE0-3AE8248C6512}"
EndProject
Project("{8BC9CEB8-8B4A-11D0-8D11-00A0C91BC942}") = "MSMR-Script-Template", "MSMR-Script-Template\MSMR-Script-Template.vcxproj", "{06B0167A-62DE-40C1-A7A1-D1C0265F7060}"
EndProject
Global
	GlobalSection(SolutionConfigurationPlatforms) = preSolution
		Debug|x64 = Debug|x64
		Pack|x64 = Pack|x64
		Release|x64 = Release|x64
	EndGlobalSection
	GlobalSection(ProjectConfigurationPlatforms) = postSolution
		{A46A13D8-C67B-4EC0-9EE0-3AE8248C6512}.Debug|x64.ActiveCfg = Debug|x64
		{A46A13D8-C67B-4EC0-9EE0-3AE8248C6512}.Debug|x64.Build.0 = Debug|x64
		{A46A13D8-C67B-4EC0-9EE0-3AE8248C6512}.Pack|x64.ActiveCfg = Pack|x64
		{A46A13D8-C67B-4EC0-9EE0-3AE8248C6512}.Pack|x64.Build.0 = Pack|x64
		{A46A13D8-C67B-4EC0-9EE0-3AE8248C6512}.Release|x64.ActiveCfg = Release|x64
		{A46A13D8-C67B-4EC0-9EE0-3AE8248C6512}.Release|x64.Build.0 = Release|x64
		{06B0167A-62DE-40C1-A7A1-D1C0265F7060}.Debug|x64.ActiveCfg = Debug|x64
		{06B0167A-62DE-40C1-A7A1-D1C0265F7060}.Debug|x64.Build.0 = Debug|x64
		{06B0167A-62DE-40C1-A7A1-D1C0265F7060}.Pack|x64.ActiveCfg = Pack|x64
		{06B0167A-62DE-40C1-A7A1-D1C0265F7060}.Pack|x64.Build.0 = Pack|x64
		{06B0167A-62DE-40C1-A7A1-D1C0265F7060}.Release|x64.ActiveCfg = Release|x64
		{06B0167A-62DE-40C1-A7A1-D1C0265F7060}.Release|x64.Build.0 = Release|x64
	EndGlobalSection
	GlobalSection(SolutionProperties) = preSolution
		HideSolutionNode = FALSE
	EndGlobalSection
	GlobalSection(ExtensibilityGlobals) = postSolution
		SolutionGuid = {FEBE12B8-5C84-46C5-90B8-55A8BE51BE4A}
	EndGlobalSection
EndGlobal
